<?xml version="1.0" encoding="UTF-8"?>
<CodeBlocks_project_file>
	<FileVersion major="1" minor="6"/>
	<Project>
		<Option title="NetworkProgram"/>
		<Option makefile_is_custom="1"/>
		<Option compiler="gcc"/>
		<Option virtualFolders="CMake Files\;"/>
		<Build>
			<Target title="all">
				<Option working_dir="/home/bumman/hoctap/nam4/laptrinhmang/PJLTM"/>
				<Option type="4"/>
				<MakeCommands>
					<Build command="/usr/bin/make -f &quot;/home/bumman/hoctap/nam4/laptrinhmang/PJLTM/Makefile&quot;  VERBOSE=1 all"/>
					<CompileFile command="/usr/bin/make -f &quot;/home/bumman/hoctap/nam4/laptrinhmang/PJLTM/Makefile&quot;  VERBOSE=1 &quot;$file&quot;"/>
					<Clean command="/usr/bin/make -f &quot;/home/bumman/hoctap/nam4/laptrinhmang/PJLTM/Makefile&quot;  VERBOSE=1 clean"/>
					<DistClean command="/usr/bin/make -f &quot;/home/bumman/hoctap/nam4/laptrinhmang/PJLTM/Makefile&quot;  VERBOSE=1 clean"/>
				</MakeCommands>
			</Target>
			<Target title="rebuild_cache">
				<Option working_dir="/home/bumman/hoctap/nam4/laptrinhmang/PJLTM"/>
				<Option type="4"/>
				<MakeCommands>
					<Build command="/usr/bin/make -f &quot;/home/bumman/hoctap/nam4/laptrinhmang/PJLTM/Makefile&quot;  VERBOSE=1 rebuild_cache"/>
					<CompileFile command="/usr/bin/make -f &quot;/home/bumman/hoctap/nam4/laptrinhmang/PJLTM/Makefile&quot;  VERBOSE=1 &quot;$file&quot;"/>
					<Clean command="/usr/bin/make -f &quot;/home/bumman/hoctap/nam4/laptrinhmang/PJLTM/Makefile&quot;  VERBOSE=1 clean"/>
					<DistClean command="/usr/bin/make -f &quot;/home/bumman/hoctap/nam4/laptrinhmang/PJLTM/Makefile&quot;  VERBOSE=1 clean"/>
				</MakeCommands>
			</Target>
			<Target title="edit_cache">
				<Option working_dir="/home/bumman/hoctap/nam4/laptrinhmang/PJLTM"/>
				<Option type="4"/>
				<MakeCommands>
					<Build command="/usr/bin/make -f &quot;/home/bumman/hoctap/nam4/laptrinhmang/PJLTM/Makefile&quot;  VERBOSE=1 edit_cache"/>
					<CompileFile command="/usr/bin/make -f &quot;/home/bumman/hoctap/nam4/laptrinhmang/PJLTM/Makefile&quot;  VERBOSE=1 &quot;$file&quot;"/>
					<Clean command="/usr/bin/make -f &quot;/home/bumman/hoctap/nam4/laptrinhmang/PJLTM/Makefile&quot;  VERBOSE=1 clean"/>
					<DistClean command="/usr/bin/make -f &quot;/home/bumman/hoctap/nam4/laptrinhmang/PJLTM/Makefile&quot;  VERBOSE=1 clean"/>
				</MakeCommands>
			</Target>
			<Target title="NetworkProgram">
				<Option output="/home/bumman/hoctap/nam4/laptrinhmang/PJLTM/NetworkProgram" prefix_auto="0" extension_auto="0"/>
				<Option working_dir="/home/bumman/hoctap/nam4/laptrinhmang/PJLTM"/>
				<Option object_output="./"/>
				<Option type="1"/>
				<Option compiler="gcc"/>
				<Compiler>
					<Add directory="/home/bumman/hoctap/nam4/laptrinhmang/PJLTM/views/include"/>
					<Add directory="/home/bumman/hoctap/nam4/laptrinhmang/PJLTM/exchange/include"/>
					<Add directory="/home/bumman/hoctap/nam4/laptrinhmang/PJLTM/exchange/constant"/>
					<Add directory="/usr/include/gtk-3.0"/>
					<Add directory="/usr/include/at-spi2-atk/2.0"/>
					<Add directory="/usr/include/at-spi-2.0"/>
					<Add directory="/usr/include/dbus-1.0"/>
					<Add directory="/usr/lib/x86_64-linux-gnu/dbus-1.0/include"/>
					<Add directory="/usr/include/gio-unix-2.0"/>
					<Add directory="/usr/include/cairo"/>
					<Add directory="/usr/include/pango-1.0"/>
					<Add directory="/usr/include/fribidi"/>
					<Add directory="/usr/include/harfbuzz"/>
					<Add directory="/usr/include/atk-1.0"/>
					<Add directory="/usr/include/pixman-1"/>
					<Add directory="/usr/include/uuid"/>
					<Add directory="/usr/include/freetype2"/>
					<Add directory="/usr/include/libpng16"/>
					<Add directory="/usr/include/gdk-pixbuf-2.0"/>
					<Add directory="/usr/include/libmount"/>
					<Add directory="/usr/include/blkid"/>
					<Add directory="/usr/include/glib-2.0"/>
					<Add directory="/usr/lib/x86_64-linux-gnu/glib-2.0/include"/>
				</Compiler>
				<MakeCommands>
					<Build command="/usr/bin/make -f &quot;/home/bumman/hoctap/nam4/laptrinhmang/PJLTM/Makefile&quot;  VERBOSE=1 NetworkProgram"/>
					<CompileFile command="/usr/bin/make -f &quot;/home/bumman/hoctap/nam4/laptrinhmang/PJLTM/Makefile&quot;  VERBOSE=1 &quot;$file&quot;"/>
					<Clean command="/usr/bin/make -f &quot;/home/bumman/hoctap/nam4/laptrinhmang/PJLTM/Makefile&quot;  VERBOSE=1 clean"/>
					<DistClean command="/usr/bin/make -f &quot;/home/bumman/hoctap/nam4/laptrinhmang/PJLTM/Makefile&quot;  VERBOSE=1 clean"/>
				</MakeCommands>
			</Target>
			<Target title="NetworkProgram/fast">
				<Option output="/home/bumman/hoctap/nam4/laptrinhmang/PJLTM/NetworkProgram" prefix_auto="0" extension_auto="0"/>
				<Option working_dir="/home/bumman/hoctap/nam4/laptrinhmang/PJLTM"/>
				<Option object_output="./"/>
				<Option type="1"/>
				<Option compiler="gcc"/>
				<Compiler>
					<Add directory="/home/bumman/hoctap/nam4/laptrinhmang/PJLTM/views/include"/>
					<Add directory="/home/bumman/hoctap/nam4/laptrinhmang/PJLTM/exchange/include"/>
					<Add directory="/home/bumman/hoctap/nam4/laptrinhmang/PJLTM/exchange/constant"/>
					<Add directory="/usr/include/gtk-3.0"/>
					<Add directory="/usr/include/at-spi2-atk/2.0"/>
					<Add directory="/usr/include/at-spi-2.0"/>
					<Add directory="/usr/include/dbus-1.0"/>
					<Add directory="/usr/lib/x86_64-linux-gnu/dbus-1.0/include"/>
					<Add directory="/usr/include/gio-unix-2.0"/>
					<Add directory="/usr/include/cairo"/>
					<Add directory="/usr/include/pango-1.0"/>
					<Add directory="/usr/include/fribidi"/>
					<Add directory="/usr/include/harfbuzz"/>
					<Add directory="/usr/include/atk-1.0"/>
					<Add directory="/usr/include/pixman-1"/>
					<Add directory="/usr/include/uuid"/>
					<Add directory="/usr/include/freetype2"/>
					<Add directory="/usr/include/libpng16"/>
					<Add directory="/usr/include/gdk-pixbuf-2.0"/>
					<Add directory="/usr/include/libmount"/>
					<Add directory="/usr/include/blkid"/>
					<Add directory="/usr/include/glib-2.0"/>
					<Add directory="/usr/lib/x86_64-linux-gnu/glib-2.0/include"/>
				</Compiler>
				<MakeCommands>
					<Build command="/usr/bin/make -f &quot;/home/bumman/hoctap/nam4/laptrinhmang/PJLTM/Makefile&quot;  VERBOSE=1 NetworkProgram/fast"/>
					<CompileFile command="/usr/bin/make -f &quot;/home/bumman/hoctap/nam4/laptrinhmang/PJLTM/Makefile&quot;  VERBOSE=1 &quot;$file&quot;"/>
					<Clean command="/usr/bin/make -f &quot;/home/bumman/hoctap/nam4/laptrinhmang/PJLTM/Makefile&quot;  VERBOSE=1 clean"/>
					<DistClean command="/usr/bin/make -f &quot;/home/bumman/hoctap/nam4/laptrinhmang/PJLTM/Makefile&quot;  VERBOSE=1 clean"/>
				</MakeCommands>
			</Target>
			<Target title="SOURCE_FILES">
				<Option output="/home/bumman/hoctap/nam4/laptrinhmang/PJLTM/SOURCE_FILES" prefix_auto="0" extension_auto="0"/>
				<Option working_dir="/home/bumman/hoctap/nam4/laptrinhmang/PJLTM"/>
				<Option object_output="./"/>
				<Option type="1"/>
				<Option compiler="gcc"/>
				<Compiler>
					<Add directory="/home/bumman/hoctap/nam4/laptrinhmang/PJLTM/views/include"/>
					<Add directory="/home/bumman/hoctap/nam4/laptrinhmang/PJLTM/exchange/include"/>
					<Add directory="/home/bumman/hoctap/nam4/laptrinhmang/PJLTM/exchange/constant"/>
					<Add directory="/usr/include/gtk-3.0"/>
					<Add directory="/usr/include/at-spi2-atk/2.0"/>
					<Add directory="/usr/include/at-spi-2.0"/>
					<Add directory="/usr/include/dbus-1.0"/>
					<Add directory="/usr/lib/x86_64-linux-gnu/dbus-1.0/include"/>
					<Add directory="/usr/include/gio-unix-2.0"/>
					<Add directory="/usr/include/cairo"/>
					<Add directory="/usr/include/pango-1.0"/>
					<Add directory="/usr/include/fribidi"/>
					<Add directory="/usr/include/harfbuzz"/>
					<Add directory="/usr/include/atk-1.0"/>
					<Add directory="/usr/include/pixman-1"/>
					<Add directory="/usr/include/uuid"/>
					<Add directory="/usr/include/freetype2"/>
					<Add directory="/usr/include/libpng16"/>
					<Add directory="/usr/include/gdk-pixbuf-2.0"/>
					<Add directory="/usr/include/libmount"/>
					<Add directory="/usr/include/blkid"/>
					<Add directory="/usr/include/glib-2.0"/>
					<Add directory="/usr/lib/x86_64-linux-gnu/glib-2.0/include"/>
				</Compiler>
				<MakeCommands>
					<Build command="/usr/bin/make -f &quot;/home/bumman/hoctap/nam4/laptrinhmang/PJLTM/Makefile&quot;  VERBOSE=1 SOURCE_FILES"/>
					<CompileFile command="/usr/bin/make -f &quot;/home/bumman/hoctap/nam4/laptrinhmang/PJLTM/Makefile&quot;  VERBOSE=1 &quot;$file&quot;"/>
					<Clean command="/usr/bin/make -f &quot;/home/bumman/hoctap/nam4/laptrinhmang/PJLTM/Makefile&quot;  VERBOSE=1 clean"/>
					<DistClean command="/usr/bin/make -f &quot;/home/bumman/hoctap/nam4/laptrinhmang/PJLTM/Makefile&quot;  VERBOSE=1 clean"/>
				</MakeCommands>
			</Target>
			<Target title="SOURCE_FILES/fast">
				<Option output="/home/bumman/hoctap/nam4/laptrinhmang/PJLTM/SOURCE_FILES" prefix_auto="0" extension_auto="0"/>
				<Option working_dir="/home/bumman/hoctap/nam4/laptrinhmang/PJLTM"/>
				<Option object_output="./"/>
				<Option type="1"/>
				<Option compiler="gcc"/>
				<Compiler>
					<Add directory="/home/bumman/hoctap/nam4/laptrinhmang/PJLTM/views/include"/>
					<Add directory="/home/bumman/hoctap/nam4/laptrinhmang/PJLTM/exchange/include"/>
					<Add directory="/home/bumman/hoctap/nam4/laptrinhmang/PJLTM/exchange/constant"/>
					<Add directory="/usr/include/gtk-3.0"/>
					<Add directory="/usr/include/at-spi2-atk/2.0"/>
					<Add directory="/usr/include/at-spi-2.0"/>
					<Add directory="/usr/include/dbus-1.0"/>
					<Add directory="/usr/lib/x86_64-linux-gnu/dbus-1.0/include"/>
					<Add directory="/usr/include/gio-unix-2.0"/>
					<Add directory="/usr/include/cairo"/>
					<Add directory="/usr/include/pango-1.0"/>
					<Add directory="/usr/include/fribidi"/>
					<Add directory="/usr/include/harfbuzz"/>
					<Add directory="/usr/include/atk-1.0"/>
					<Add directory="/usr/include/pixman-1"/>
					<Add directory="/usr/include/uuid"/>
					<Add directory="/usr/include/freetype2"/>
					<Add directory="/usr/include/libpng16"/>
					<Add directory="/usr/include/gdk-pixbuf-2.0"/>
					<Add directory="/usr/include/libmount"/>
					<Add directory="/usr/include/blkid"/>
					<Add directory="/usr/include/glib-2.0"/>
					<Add directory="/usr/lib/x86_64-linux-gnu/glib-2.0/include"/>
				</Compiler>
				<MakeCommands>
					<Build command="/usr/bin/make -f &quot;/home/bumman/hoctap/nam4/laptrinhmang/PJLTM/Makefile&quot;  VERBOSE=1 SOURCE_FILES/fast"/>
					<CompileFile command="/usr/bin/make -f &quot;/home/bumman/hoctap/nam4/laptrinhmang/PJLTM/Makefile&quot;  VERBOSE=1 &quot;$file&quot;"/>
					<Clean command="/usr/bin/make -f &quot;/home/bumman/hoctap/nam4/laptrinhmang/PJLTM/Makefile&quot;  VERBOSE=1 clean"/>
					<DistClean command="/usr/bin/make -f &quot;/home/bumman/hoctap/nam4/laptrinhmang/PJLTM/Makefile&quot;  VERBOSE=1 clean"/>
				</MakeCommands>
			</Target>
		</Build>
		<Unit filename="/home/bumman/hoctap/nam4/laptrinhmang/PJLTM/main.c">
			<Option target="NetworkProgram"/>
		</Unit>
		<Unit filename="/home/bumman/hoctap/nam4/laptrinhmang/PJLTM/views/src/initScreen.c">
			<Option target="NetworkProgram"/>
			<Option target="SOURCE_FILES"/>
		</Unit>
		<Unit filename="/home/bumman/hoctap/nam4/laptrinhmang/PJLTM/CMakeLists.txt">
			<Option virtualFolder="CMake Files\"/>
		</Unit>
	</Project>
</CodeBlocks_project_file>
